
Microsoft Visual Studio Solution File, Format Version 12.00
# Visual Studio Version 17
VisualStudioVersion = 17.9.34622.214
MinimumVisualStudioVersion = 10.0.40219.1
Project("{FAE04EC0-301F-11D3-BF4B-00C04F79EFBC}") = "CoffeeOrderWeb.EntityLayer", "CoffeeOrderWeb.EntityLayer\CoffeeOrderWeb.EntityLayer.csproj", "{B2725DD6-0193-49D9-BB04-DC3A8BA6AEBE}"
EndProject
Project("{FAE04EC0-301F-11D3-BF4B-00C04F79EFBC}") = "CoffeeOrderWeb.DataAccesLayer", "CoffeeOrderWeb.DataAccesLayer\CoffeeOrderWeb.DataAccesLayer.csproj", "{A3A95B09-73EB-49F0-A214-E079B6791465}"
EndProject
Project("{FAE04EC0-301F-11D3-BF4B-00C04F79EFBC}") = "CoffeeOrderWeb.BusinessLogicLayer", "CoffeeOrderWeb.BusinessLogicLayer\CoffeeOrderWeb.BusinessLogicLayer.csproj", "{9851E1E9-8EB2-42C6-B288-3C973688E135}"
EndProject
Project("{FAE04EC0-301F-11D3-BF4B-00C04F79EFBC}") = "CoffeeOrderWeb.PresentationLayer", "CoffeeOrderWeb.PresentationLayer\CoffeeOrderWeb.PresentationLayer.csproj", "{BE1EFE61-D7FE-4ABF-9635-7DAFBE87BEC3}"
EndProject
Global
	GlobalSection(SolutionConfigurationPlatforms) = preSolution
		Debug|Any CPU = Debug|Any CPU
		Release|Any CPU = Release|Any CPU
	EndGlobalSection
	GlobalSection(ProjectConfigurationPlatforms) = postSolution
		{B2725DD6-0193-49D9-BB04-DC3A8BA6AEBE}.Debug|Any CPU.ActiveCfg = Debug|Any CPU
		{B2725DD6-0193-49D9-BB04-DC3A8BA6AEBE}.Debug|Any CPU.Build.0 = Debug|Any CPU
		{B2725DD6-0193-49D9-BB04-DC3A8BA6AEBE}.Release|Any CPU.ActiveCfg = Release|Any CPU
		{B2725DD6-0193-49D9-BB04-DC3A8BA6AEBE}.Release|Any CPU.Build.0 = Release|Any CPU
		{A3A95B09-73EB-49F0-A214-E079B6791465}.Debug|Any CPU.ActiveCfg = Debug|Any CPU
		{A3A95B09-73EB-49F0-A214-E079B6791465}.Debug|Any CPU.Build.0 = Debug|Any CPU
		{A3A95B09-73EB-49F0-A214-E079B6791465}.Release|Any CPU.ActiveCfg = Release|Any CPU
		{A3A95B09-73EB-49F0-A214-E079B6791465}.Release|Any CPU.Build.0 = Release|Any CPU
		{9851E1E9-8EB2-42C6-B288-3C973688E135}.Debug|Any CPU.ActiveCfg = Debug|Any CPU
		{9851E1E9-8EB2-42C6-B288-3C973688E135}.Debug|Any CPU.Build.0 = Debug|Any CPU
		{9851E1E9-8EB2-42C6-B288-3C973688E135}.Release|Any CPU.ActiveCfg = Release|Any CPU
		{9851E1E9-8EB2-42C6-B288-3C973688E135}.Release|Any CPU.Build.0 = Release|Any CPU
		{BE1EFE61-D7FE-4ABF-9635-7DAFBE87BEC3}.Debug|Any CPU.ActiveCfg = Debug|Any CPU
		{BE1EFE61-D7FE-4ABF-9635-7DAFBE87BEC3}.Debug|Any CPU.Build.0 = Debug|Any CPU
		{BE1EFE61-D7FE-4ABF-9635-7DAFBE87BEC3}.Release|Any CPU.ActiveCfg = Release|Any CPU
		{BE1EFE61-D7FE-4ABF-9635-7DAFBE87BEC3}.Release|Any CPU.Build.0 = Release|Any CPU
	EndGlobalSection
	GlobalSection(SolutionProperties) = preSolution
		HideSolutionNode = FALSE
	EndGlobalSection
	GlobalSection(ExtensibilityGlobals) = postSolution
		SolutionGuid = {68CACDE6-A02F-454B-8CA1-A3BF7E9858FE}
	EndGlobalSection
EndGlobal
